# @generated by Move, please check-in and do not edit manually.

[move]
version = 3
manifest_digest = "1005F12FB44E1502CCFB82F676B320A9142FD1FC6D69124F4B54E811661E13C5"
deps_digest = "F9B494B64F0615AED0E98FC12A85B85ECD2BC5185C22D30E7F67786BB52E507C"
dependencies = [
  { id = "Bridge", name = "Bridge" },
  { id = "MoveStdlib", name = "MoveStdlib" },
  { id = "Sui", name = "Sui" },
  { id = "SuiSystem", name = "SuiSystem" },
]

[[move.package]]
id = "Bridge"
source = { git = "https://github.com/MystenLabs/sui.git", rev = "b448b1d971bd6c1aac8ef4eee4305943806d5d5b", subdir = "crates/sui-framework/packages/bridge" }

dependencies = [
  { id = "MoveStdlib", name = "MoveStdlib" },
  { id = "Sui", name = "Sui" },
  { id = "SuiSystem", name = "SuiSystem" },
]

[[move.package]]
id = "MoveStdlib"
source = { git = "https://github.com/MystenLabs/sui.git", rev = "b448b1d971bd6c1aac8ef4eee4305943806d5d5b", subdir = "crates/sui-framework/packages/move-stdlib" }

[[move.package]]
id = "Sui"
source = { git = "https://github.com/MystenLabs/sui.git", rev = "b448b1d971bd6c1aac8ef4eee4305943806d5d5b", subdir = "crates/sui-framework/packages/sui-framework" }

dependencies = [
  { id = "MoveStdlib", name = "MoveStdlib" },
]

[[move.package]]
id = "SuiSystem"
source = { git = "https://github.com/MystenLabs/sui.git", rev = "b448b1d971bd6c1aac8ef4eee4305943806d5d5b", subdir = "crates/sui-framework/packages/sui-system" }

dependencies = [
  { id = "MoveStdlib", name = "MoveStdlib" },
  { id = "Sui", name = "Sui" },
]

[move.toolchain-version]
compiler-version = "1.53.2"
edition = "2024.beta"
flavor = "sui"

[env]

[env.testnet]
chain-id = "4c78adac"
original-published-id = "0xc7edf00843209dfb9f4e7e8b5c10ca03324dcc0a4fc6e7ae5901de570856e19d"
latest-published-id = "0xc7edf00843209dfb9f4e7e8b5c10ca03324dcc0a4fc6e7ae5901de570856e19d"
published-version = "1"
